
Microsoft Visual Studio Solution File, Format Version 12.00
Project("{FAE04EC0-301F-11D3-BF4B-00C04F79EFBC}") = "WebHookTimerDiscord", "WebHookTimerDiscord\WebHookTimerDiscord.csproj", "{734D18A1-04B2-4912-8808-500E6CBBE4F5}"
EndProject
Global
	GlobalSection(SolutionConfigurationPlatforms) = preSolution
		Debug|Any CPU = Debug|Any CPU
		Release|Any CPU = Release|Any CPU
	EndGlobalSection
	GlobalSection(ProjectConfigurationPlatforms) = postSolution
		{734D18A1-04B2-4912-8808-500E6CBBE4F5}.Debug|Any CPU.ActiveCfg = Debug|Any CPU
		{734D18A1-04B2-4912-8808-500E6CBBE4F5}.Debug|Any CPU.Build.0 = Debug|Any CPU
		{734D18A1-04B2-4912-8808-500E6CBBE4F5}.Release|Any CPU.ActiveCfg = Release|Any CPU
		{734D18A1-04B2-4912-8808-500E6CBBE4F5}.Release|Any CPU.Build.0 = Release|Any CPU
	EndGlobalSection
EndGlobal
